
Microsoft Visual Studio Solution File, Format Version 12.00
# Visual Studio Version 17
VisualStudioVersion = 17.12.35527.113
MinimumVisualStudioVersion = 10.0.40219.1
Project("{9A19103F-16F7-4668-BE54-9A1E7A4F7556}") = "FSO.Client", "FSO.Client\FSO.Client.csproj", "{635E68FA-3905-4943-B4F5-D463A8C02E87}"
EndProject
Project("{FAE04EC0-301F-11D3-BF4B-00C04F79EFBC}") = "FSO.Common", "FSO.Common\FSO.Common.csproj", "{C42962A1-8796-4F47-9DCD-79ED5904D8CA}"
EndProject
Project("{FAE04EC0-301F-11D3-BF4B-00C04F79EFBC}") = "FSO.Content", "FSO.Content\FSO.Content.csproj", "{C0068DF7-F2E8-4399-846D-556BF9A35C00}"
EndProject
Project("{9A19103F-16F7-4668-BE54-9A1E7A4F7556}") = "FSO.Debug", "FSO.Debug\FSO.Debug.csproj", "{43FBD6A2-4C4D-479C-A1A8-ED4CB591BDE4}"
EndProject
Project("{9A19103F-16F7-4668-BE54-9A1E7A4F7556}") = "FSO.Files", "FSO.Files\FSO.Files.csproj", "{18583453-A970-4AC5-83B1-2D6BFDF94C24}"
EndProject
Project("{9A19103F-16F7-4668-BE54-9A1E7A4F7556}") = "FSO.SimAntics", "FSO.SimAntics\FSO.SimAntics.csproj", "{5EDDEFD2-C850-49C1-812D-DDEFF09125EF}"
EndProject
Project("{FAE04EC0-301F-11D3-BF4B-00C04F79EFBC}") = "FSO.HIT", "FSO.HIT\FSO.HIT.csproj", "{072781D8-51EC-4143-9CAE-DAF50177D3AD}"
EndProject
Project("{9A19103F-16F7-4668-BE54-9A1E7A4F7556}") = "FSO.Vitaboy.Engine", "FSO.Vitaboy.Engine\FSO.Vitaboy.Engine.csproj", "{FD7957F7-A1E0-4D00-8F6C-3FA555EAA163}"
EndProject
Project("{9A19103F-16F7-4668-BE54-9A1E7A4F7556}") = "FSO.Vitaboy", "FSO.Vitaboy\FSO.Vitaboy.csproj", "{9D9558A9-755E-43F9-8BB6-B26F365F5042}"
EndProject
Project("{FAE04EC0-301F-11D3-BF4B-00C04F79EFBC}") = "FSO.LotView", "FSO.LotView\FSO.LotView.csproj", "{B1A6E4C2-E080-4C34-A604-D11B5296A9B8}"
EndProject
Project("{FAE04EC0-301F-11D3-BF4B-00C04F79EFBC}") = "TargaImage", "..\Other\libs\TargaImage\TargaImage.csproj", "{56F4BD87-2404-4263-80D5-6FA2161EB0A4}"
EndProject
Project("{FAE04EC0-301F-11D3-BF4B-00C04F79EFBC}") = "FSO.Server", "FSO.Server\FSO.Server.csproj", "{8F125201-FDF0-4A13-886F-19662707D34D}"
EndProject
Project("{FAE04EC0-301F-11D3-BF4B-00C04F79EFBC}") = "FSO.Server.Protocol", "FSO.Server.Protocol\FSO.Server.Protocol.csproj", "{A08ADE32-27E2-44F4-BC52-11A16C56BAA8}"
EndProject
Project("{FAE04EC0-301F-11D3-BF4B-00C04F79EFBC}") = "FSO.Server.Database", "FSO.Server.Database\FSO.Server.Database.csproj", "{430ACD60-E798-43F0-AD61-8B5A35DF6AB2}"
EndProject
Project("{FAE04EC0-301F-11D3-BF4B-00C04F79EFBC}") = "FSO.Server.Common", "FSO.Server.Common\FSO.Server.Common.csproj", "{39B61962-FE43-4B64-8E57-8F793737FFFE}"
EndProject
Project("{9A19103F-16F7-4668-BE54-9A1E7A4F7556}") = "FSO.Server.Debug", "FSO.Server.Debug\FSO.Server.Debug.csproj", "{7296CCEC-F459-4071-A9D2-9A07DCC29210}"
EndProject
Project("{9A19103F-16F7-4668-BE54-9A1E7A4F7556}") = "FSO.Server.Clients", "FSO.Server.Clients\FSO.Server.Clients.csproj", "{329E0AEE-7871-40A7-B5AF-8C0D0086EF71}"
EndProject
Project("{FAE04EC0-301F-11D3-BF4B-00C04F79EFBC}") = "FSO.Common.DatabaseService", "FSO.Common.DatabaseService\FSO.Common.DatabaseService.csproj", "{C051793D-1A9C-4554-9BB8-BAFDC01A096A}"
EndProject
Project("{FAE04EC0-301F-11D3-BF4B-00C04F79EFBC}") = "FSO.Common.DataService", "FSO.Server.DataService\FSO.Common.DataService.csproj", "{88C69E02-78D4-4D71-9C26-43A9B118285A}"
EndProject
Project("{FAE04EC0-301F-11D3-BF4B-00C04F79EFBC}") = "FSO.Common.Domain", "FSO.Common.Domain\FSO.Common.Domain.csproj", "{9848FAF5-444A-48CC-A26A-8115D8C4FB52}"
EndProject
Project("{FAE04EC0-301F-11D3-BF4B-00C04F79EFBC}") = "FSO.IDE", "FSO.IDE\FSO.IDE.csproj", "{5DEB20EB-1EB7-48F9-922C-463ABAE56E63}"
EndProject
Project("{FAE04EC0-301F-11D3-BF4B-00C04F79EFBC}") = "SimplePaletteQuantizer", "..\Other\libs\ColorQuantizer\SimplePaletteQuantizer\SimplePaletteQuantizer.csproj", "{37812A22-91F3-4220-891E-5C26DA64A975}"
EndProject
Project("{FAE04EC0-301F-11D3-BF4B-00C04F79EFBC}") = "Mp3Sharp", "..\Other\libs\mp3sharp\mp3sharp\Mp3Sharp.csproj", "{834CAB58-648D-47CC-AC6F-D01C08C809A4}"
EndProject
Project("{FAE04EC0-301F-11D3-BF4B-00C04F79EFBC}") = "TargaImagePCL", "..\Other\libs\TargaImagePCL\TargaImagePCL.csproj", "{D8232422-9D79-4200-A981-EB70ED82CCF3}"
EndProject
Project("{FAE04EC0-301F-11D3-BF4B-00C04F79EFBC}") = "FSO.Server.Watchdog", "FSO.Server.Watchdog\FSO.Server.Watchdog.csproj", "{BEDCDF02-3349-4E64-9BFD-38C499303822}"
EndProject
Project("{FAE04EC0-301F-11D3-BF4B-00C04F79EFBC}") = "FSO.Patcher", "FSO.Patcher\FSO.Patcher.csproj", "{4E43CE64-343F-4C53-A055-BBF0F4986A16}"
EndProject
Project("{9A19103F-16F7-4668-BE54-9A1E7A4F7556}") = "FSO.Server.Api", "FSO.Server.Api\FSO.Server.Api.csproj", "{19A2E153-246D-4D38-A28E-1E4D36D7E28F}"
EndProject
Project("{FAE04EC0-301F-11D3-BF4B-00C04F79EFBC}") = "FSO.Server.Domain", "FSO.Server.Domain\FSO.Server.Domain.csproj", "{A1D9ABA0-0105-436D-8F8C-2418DB768080}"
EndProject
Project("{9A19103F-16F7-4668-BE54-9A1E7A4F7556}") = "FSO.UI", "FSO.UI\FSO.UI.csproj", "{73E2AD5B-720B-4EF3-9B7C-55931D0EC693}"
EndProject
Project("{FAE04EC0-301F-11D3-BF4B-00C04F79EFBC}") = "Mina.NET", "..\Other\libs\FSOMina.NET\Mina.NET\Mina.NET.csproj", "{28ABBF94-0584-4254-A8B4-4843E6F4E867}"
EndProject
Project("{FAE04EC0-301F-11D3-BF4B-00C04F79EFBC}") = "VoronoiLib", "..\Other\libs\VoronoiLib\VoronoiLib.csproj", "{5D6B850B-3084-4C45-A8D7-7CCF67260B21}"
EndProject
Project("{9A19103F-16F7-4668-BE54-9A1E7A4F7556}") = "FSOFacadeWorker", "FSOFacadeWorker\FSOFacadeWorker.csproj", "{0241317C-CC82-43D1-9ABF-40F3635DC41C}"
EndProject
Project("{9A19103F-16F7-4668-BE54-9A1E7A4F7556}") = "FSO.Windows", "FSO.Windows\FSO.Windows.csproj", "{39201960-F96F-4039-84B1-1331D5DDE3C2}"
EndProject
Project("{FAE04EC0-301F-11D3-BF4B-00C04F79EFBC}") = "MSDFData", "..\Other\libs\MSDFData\MSDFData.csproj", "{EABEA510-3E53-4F19-9F0B-75C5CA9DFA3B}"
EndProject
Project("{FAE04EC0-301F-11D3-BF4B-00C04F79EFBC}") = "MSDFExtension", "..\Other\libs\MSDFExtension\MSDFExtension.csproj", "{EBF08DC7-916D-4133-BADE-38C31E29F18A}"
EndProject
Project("{9A19103F-16F7-4668-BE54-9A1E7A4F7556}") = "FSO.SimAntics.JIT", "FSO.SimAntics.JIT\FSO.SimAntics.JIT.csproj", "{B8AB3711-7B4F-4126-9BF3-4DDDE9475B74}"
EndProject
Project("{9A19103F-16F7-4668-BE54-9A1E7A4F7556}") = "FSO.SimAntics.JIT.Roslyn", "FSO.SimAntics.JIT.Roslyn\FSO.SimAntics.JIT.Roslyn.csproj", "{B3DE74C1-B7A1-4773-BD36-993988B23527}"
EndProject
Project("{FAE04EC0-301F-11D3-BF4B-00C04F79EFBC}") = "FSO.Linux", "FSO.Linux\FSO.Linux.csproj", "{A1068F63-DFE6-49B7-965E-7A6FE5B7FB0C}"
EndProject
Global
	GlobalSection(SolutionConfigurationPlatforms) = preSolution
		Android|Any CPU = Android|Any CPU
		Debug|Any CPU = Debug|Any CPU
		Release|Any CPU = Release|Any CPU
		ServerRelease|Any CPU = ServerRelease|Any CPU
		Windows|Any CPU = Windows|Any CPU
	EndGlobalSection
	GlobalSection(ProjectConfigurationPlatforms) = postSolution
		{635E68FA-3905-4943-B4F5-D463A8C02E87}.Android|Any CPU.ActiveCfg = Android|Any CPU
		{635E68FA-3905-4943-B4F5-D463A8C02E87}.Android|Any CPU.Build.0 = Android|Any CPU
		{635E68FA-3905-4943-B4F5-D463A8C02E87}.Debug|Any CPU.ActiveCfg = Debug|Any CPU
		{635E68FA-3905-4943-B4F5-D463A8C02E87}.Debug|Any CPU.Build.0 = Debug|Any CPU
		{635E68FA-3905-4943-B4F5-D463A8C02E87}.Release|Any CPU.ActiveCfg = Release|Any CPU
		{635E68FA-3905-4943-B4F5-D463A8C02E87}.Release|Any CPU.Build.0 = Release|Any CPU
		{635E68FA-3905-4943-B4F5-D463A8C02E87}.ServerRelease|Any CPU.ActiveCfg = Release|Any CPU
		{635E68FA-3905-4943-B4F5-D463A8C02E87}.ServerRelease|Any CPU.Build.0 = Release|Any CPU
		{635E68FA-3905-4943-B4F5-D463A8C02E87}.Windows|Any CPU.ActiveCfg = Windows|Any CPU
		{635E68FA-3905-4943-B4F5-D463A8C02E87}.Windows|Any CPU.Build.0 = Windows|Any CPU
		{C42962A1-8796-4F47-9DCD-79ED5904D8CA}.Android|Any CPU.ActiveCfg = Release|Any CPU
		{C42962A1-8796-4F47-9DCD-79ED5904D8CA}.Android|Any CPU.Build.0 = Release|Any CPU
		{C42962A1-8796-4F47-9DCD-79ED5904D8CA}.Debug|Any CPU.ActiveCfg = Debug|Any CPU
		{C42962A1-8796-4F47-9DCD-79ED5904D8CA}.Debug|Any CPU.Build.0 = Debug|Any CPU
		{C42962A1-8796-4F47-9DCD-79ED5904D8CA}.Release|Any CPU.ActiveCfg = Release|Any CPU
		{C42962A1-8796-4F47-9DCD-79ED5904D8CA}.Release|Any CPU.Build.0 = Release|Any CPU
		{C42962A1-8796-4F47-9DCD-79ED5904D8CA}.ServerRelease|Any CPU.ActiveCfg = Release|Any CPU
		{C42962A1-8796-4F47-9DCD-79ED5904D8CA}.ServerRelease|Any CPU.Build.0 = Release|Any CPU
		{C42962A1-8796-4F47-9DCD-79ED5904D8CA}.Windows|Any CPU.ActiveCfg = Release|Any CPU
		{C42962A1-8796-4F47-9DCD-79ED5904D8CA}.Windows|Any CPU.Build.0 = Release|Any CPU
		{C0068DF7-F2E8-4399-846D-556BF9A35C00}.Android|Any CPU.ActiveCfg = Android|Any CPU
		{C0068DF7-F2E8-4399-846D-556BF9A35C00}.Android|Any CPU.Build.0 = Android|Any CPU
		{C0068DF7-F2E8-4399-846D-556BF9A35C00}.Debug|Any CPU.ActiveCfg = Debug|Any CPU
		{C0068DF7-F2E8-4399-846D-556BF9A35C00}.Debug|Any CPU.Build.0 = Debug|Any CPU
		{C0068DF7-F2E8-4399-846D-556BF9A35C00}.Release|Any CPU.ActiveCfg = Release|Any CPU
		{C0068DF7-F2E8-4399-846D-556BF9A35C00}.Release|Any CPU.Build.0 = Release|Any CPU
		{C0068DF7-F2E8-4399-846D-556BF9A35C00}.ServerRelease|Any CPU.ActiveCfg = Release|Any CPU
		{C0068DF7-F2E8-4399-846D-556BF9A35C00}.ServerRelease|Any CPU.Build.0 = Release|Any CPU
		{C0068DF7-F2E8-4399-846D-556BF9A35C00}.Windows|Any CPU.ActiveCfg = Windows|Any CPU
		{C0068DF7-F2E8-4399-846D-556BF9A35C00}.Windows|Any CPU.Build.0 = Windows|Any CPU
		{43FBD6A2-4C4D-479C-A1A8-ED4CB591BDE4}.Android|Any CPU.ActiveCfg = Android|Any CPU
		{43FBD6A2-4C4D-479C-A1A8-ED4CB591BDE4}.Android|Any CPU.Build.0 = Android|Any CPU
		{43FBD6A2-4C4D-479C-A1A8-ED4CB591BDE4}.Debug|Any CPU.ActiveCfg = Debug|Any CPU
		{43FBD6A2-4C4D-479C-A1A8-ED4CB591BDE4}.Debug|Any CPU.Build.0 = Debug|Any CPU
		{43FBD6A2-4C4D-479C-A1A8-ED4CB591BDE4}.Release|Any CPU.ActiveCfg = Release|Any CPU
		{43FBD6A2-4C4D-479C-A1A8-ED4CB591BDE4}.Release|Any CPU.Build.0 = Release|Any CPU
		{43FBD6A2-4C4D-479C-A1A8-ED4CB591BDE4}.ServerRelease|Any CPU.ActiveCfg = Release|Any CPU
		{43FBD6A2-4C4D-479C-A1A8-ED4CB591BDE4}.ServerRelease|Any CPU.Build.0 = Release|Any CPU
		{43FBD6A2-4C4D-479C-A1A8-ED4CB591BDE4}.Windows|Any CPU.ActiveCfg = Windows|Any CPU
		{43FBD6A2-4C4D-479C-A1A8-ED4CB591BDE4}.Windows|Any CPU.Build.0 = Windows|Any CPU
		{18583453-A970-4AC5-83B1-2D6BFDF94C24}.Android|Any CPU.ActiveCfg = Android|Any CPU
		{18583453-A970-4AC5-83B1-2D6BFDF94C24}.Android|Any CPU.Build.0 = Android|Any CPU
		{18583453-A970-4AC5-83B1-2D6BFDF94C24}.Debug|Any CPU.ActiveCfg = Debug|Any CPU
		{18583453-A970-4AC5-83B1-2D6BFDF94C24}.Debug|Any CPU.Build.0 = Debug|Any CPU
		{18583453-A970-4AC5-83B1-2D6BFDF94C24}.Release|Any CPU.ActiveCfg = Release|Any CPU
		{18583453-A970-4AC5-83B1-2D6BFDF94C24}.Release|Any CPU.Build.0 = Release|Any CPU
		{18583453-A970-4AC5-83B1-2D6BFDF94C24}.ServerRelease|Any CPU.ActiveCfg = Release|Any CPU
		{18583453-A970-4AC5-83B1-2D6BFDF94C24}.ServerRelease|Any CPU.Build.0 = Release|Any CPU
		{18583453-A970-4AC5-83B1-2D6BFDF94C24}.Windows|Any CPU.ActiveCfg = Windows|Any CPU
		{18583453-A970-4AC5-83B1-2D6BFDF94C24}.Windows|Any CPU.Build.0 = Windows|Any CPU
		{5EDDEFD2-C850-49C1-812D-DDEFF09125EF}.Android|Any CPU.ActiveCfg = Android|Any CPU
		{5EDDEFD2-C850-49C1-812D-DDEFF09125EF}.Android|Any CPU.Build.0 = Android|Any CPU
		{5EDDEFD2-C850-49C1-812D-DDEFF09125EF}.Debug|Any CPU.ActiveCfg = Debug|Any CPU
		{5EDDEFD2-C850-49C1-812D-DDEFF09125EF}.Debug|Any CPU.Build.0 = Debug|Any CPU
		{5EDDEFD2-C850-49C1-812D-DDEFF09125EF}.Release|Any CPU.ActiveCfg = Release|Any CPU
		{5EDDEFD2-C850-49C1-812D-DDEFF09125EF}.Release|Any CPU.Build.0 = Release|Any CPU
		{5EDDEFD2-C850-49C1-812D-DDEFF09125EF}.ServerRelease|Any CPU.ActiveCfg = ServerRelease|Any CPU
		{5EDDEFD2-C850-49C1-812D-DDEFF09125EF}.ServerRelease|Any CPU.Build.0 = ServerRelease|Any CPU
		{5EDDEFD2-C850-49C1-812D-DDEFF09125EF}.Windows|Any CPU.ActiveCfg = Windows|Any CPU
		{5EDDEFD2-C850-49C1-812D-DDEFF09125EF}.Windows|Any CPU.Build.0 = Windows|Any CPU
		{072781D8-51EC-4143-9CAE-DAF50177D3AD}.Android|Any CPU.ActiveCfg = Android|Any CPU
		{072781D8-51EC-4143-9CAE-DAF50177D3AD}.Android|Any CPU.Build.0 = Android|Any CPU
		{072781D8-51EC-4143-9CAE-DAF50177D3AD}.Debug|Any CPU.ActiveCfg = Debug|Any CPU
		{072781D8-51EC-4143-9CAE-DAF50177D3AD}.Debug|Any CPU.Build.0 = Debug|Any CPU
		{072781D8-51EC-4143-9CAE-DAF50177D3AD}.Release|Any CPU.ActiveCfg = Release|Any CPU
		{072781D8-51EC-4143-9CAE-DAF50177D3AD}.Release|Any CPU.Build.0 = Release|Any CPU
		{072781D8-51EC-4143-9CAE-DAF50177D3AD}.ServerRelease|Any CPU.ActiveCfg = Release|Any CPU
		{072781D8-51EC-4143-9CAE-DAF50177D3AD}.ServerRelease|Any CPU.Build.0 = Release|Any CPU
		{072781D8-51EC-4143-9CAE-DAF50177D3AD}.Windows|Any CPU.ActiveCfg = Windows|Any CPU
		{072781D8-51EC-4143-9CAE-DAF50177D3AD}.Windows|Any CPU.Build.0 = Windows|Any CPU
		{FD7957F7-A1E0-4D00-8F6C-3FA555EAA163}.Android|Any CPU.ActiveCfg = Android|Any CPU
		{FD7957F7-A1E0-4D00-8F6C-3FA555EAA163}.Android|Any CPU.Build.0 = Android|Any CPU
		{FD7957F7-A1E0-4D00-8F6C-3FA555EAA163}.Debug|Any CPU.ActiveCfg = Debug|Any CPU
		{FD7957F7-A1E0-4D00-8F6C-3FA555EAA163}.Debug|Any CPU.Build.0 = Debug|Any CPU
		{FD7957F7-A1E0-4D00-8F6C-3FA555EAA163}.Release|Any CPU.ActiveCfg = Release|Any CPU
		{FD7957F7-A1E0-4D00-8F6C-3FA555EAA163}.Release|Any CPU.Build.0 = Release|Any CPU
		{FD7957F7-A1E0-4D00-8F6C-3FA555EAA163}.ServerRelease|Any CPU.ActiveCfg = Release|Any CPU
		{FD7957F7-A1E0-4D00-8F6C-3FA555EAA163}.ServerRelease|Any CPU.Build.0 = Release|Any CPU
		{FD7957F7-A1E0-4D00-8F6C-3FA555EAA163}.Windows|Any CPU.ActiveCfg = Windows|Any CPU
		{FD7957F7-A1E0-4D00-8F6C-3FA555EAA163}.Windows|Any CPU.Build.0 = Windows|Any CPU
		{9D9558A9-755E-43F9-8BB6-B26F365F5042}.Android|Any CPU.ActiveCfg = Android|Any CPU
		{9D9558A9-755E-43F9-8BB6-B26F365F5042}.Android|Any CPU.Build.0 = Android|Any CPU
		{9D9558A9-755E-43F9-8BB6-B26F365F5042}.Debug|Any CPU.ActiveCfg = Debug|Any CPU
		{9D9558A9-755E-43F9-8BB6-B26F365F5042}.Debug|Any CPU.Build.0 = Debug|Any CPU
		{9D9558A9-755E-43F9-8BB6-B26F365F5042}.Release|Any CPU.ActiveCfg = Release|Any CPU
		{9D9558A9-755E-43F9-8BB6-B26F365F5042}.Release|Any CPU.Build.0 = Release|Any CPU
		{9D9558A9-755E-43F9-8BB6-B26F365F5042}.ServerRelease|Any CPU.ActiveCfg = Release|Any CPU
		{9D9558A9-755E-43F9-8BB6-B26F365F5042}.ServerRelease|Any CPU.Build.0 = Release|Any CPU
		{9D9558A9-755E-43F9-8BB6-B26F365F5042}.Windows|Any CPU.ActiveCfg = Windows|Any CPU
		{9D9558A9-755E-43F9-8BB6-B26F365F5042}.Windows|Any CPU.Build.0 = Windows|Any CPU
		{B1A6E4C2-E080-4C34-A604-D11B5296A9B8}.Android|Any CPU.ActiveCfg = Android|Any CPU
		{B1A6E4C2-E080-4C34-A604-D11B5296A9B8}.Android|Any CPU.Build.0 = Android|Any CPU
		{B1A6E4C2-E080-4C34-A604-D11B5296A9B8}.Debug|Any CPU.ActiveCfg = Debug|Any CPU
		{B1A6E4C2-E080-4C34-A604-D11B5296A9B8}.Debug|Any CPU.Build.0 = Debug|Any CPU
		{B1A6E4C2-E080-4C34-A604-D11B5296A9B8}.Release|Any CPU.ActiveCfg = Release|Any CPU
		{B1A6E4C2-E080-4C34-A604-D11B5296A9B8}.Release|Any CPU.Build.0 = Release|Any CPU
		{B1A6E4C2-E080-4C34-A604-D11B5296A9B8}.ServerRelease|Any CPU.ActiveCfg = Release|Any CPU
		{B1A6E4C2-E080-4C34-A604-D11B5296A9B8}.ServerRelease|Any CPU.Build.0 = Release|Any CPU
		{B1A6E4C2-E080-4C34-A604-D11B5296A9B8}.Windows|Any CPU.ActiveCfg = Windows|Any CPU
		{B1A6E4C2-E080-4C34-A604-D11B5296A9B8}.Windows|Any CPU.Build.0 = Windows|Any CPU
		{56F4BD87-2404-4263-80D5-6FA2161EB0A4}.Android|Any CPU.ActiveCfg = Release|Any CPU
		{56F4BD87-2404-4263-80D5-6FA2161EB0A4}.Android|Any CPU.Build.0 = Release|Any CPU
		{56F4BD87-2404-4263-80D5-6FA2161EB0A4}.Debug|Any CPU.ActiveCfg = Debug|Any CPU
		{56F4BD87-2404-4263-80D5-6FA2161EB0A4}.Debug|Any CPU.Build.0 = Debug|Any CPU
		{56F4BD87-2404-4263-80D5-6FA2161EB0A4}.Release|Any CPU.ActiveCfg = Release|Any CPU
		{56F4BD87-2404-4263-80D5-6FA2161EB0A4}.Release|Any CPU.Build.0 = Release|Any CPU
		{56F4BD87-2404-4263-80D5-6FA2161EB0A4}.ServerRelease|Any CPU.ActiveCfg = Release|Any CPU
		{56F4BD87-2404-4263-80D5-6FA2161EB0A4}.ServerRelease|Any CPU.Build.0 = Release|Any CPU
		{56F4BD87-2404-4263-80D5-6FA2161EB0A4}.Windows|Any CPU.ActiveCfg = Release|Any CPU
		{56F4BD87-2404-4263-80D5-6FA2161EB0A4}.Windows|Any CPU.Build.0 = Release|Any CPU
		{8F125201-FDF0-4A13-886F-19662707D34D}.Android|Any CPU.ActiveCfg = Release|Any CPU
		{8F125201-FDF0-4A13-886F-19662707D34D}.Android|Any CPU.Build.0 = Release|Any CPU
		{8F125201-FDF0-4A13-886F-19662707D34D}.Debug|Any CPU.ActiveCfg = Debug|Any CPU
		{8F125201-FDF0-4A13-886F-19662707D34D}.Debug|Any CPU.Build.0 = Debug|Any CPU
		{8F125201-FDF0-4A13-886F-19662707D34D}.Release|Any CPU.ActiveCfg = Release|Any CPU
		{8F125201-FDF0-4A13-886F-19662707D34D}.Release|Any CPU.Build.0 = Release|Any CPU
		{8F125201-FDF0-4A13-886F-19662707D34D}.ServerRelease|Any CPU.ActiveCfg = Release|Any CPU
		{8F125201-FDF0-4A13-886F-19662707D34D}.ServerRelease|Any CPU.Build.0 = Release|Any CPU
		{8F125201-FDF0-4A13-886F-19662707D34D}.Windows|Any CPU.ActiveCfg = Release|Any CPU
		{8F125201-FDF0-4A13-886F-19662707D34D}.Windows|Any CPU.Build.0 = Release|Any CPU
		{A08ADE32-27E2-44F4-BC52-11A16C56BAA8}.Android|Any CPU.ActiveCfg = Release|Any CPU
		{A08ADE32-27E2-44F4-BC52-11A16C56BAA8}.Android|Any CPU.Build.0 = Release|Any CPU
		{A08ADE32-27E2-44F4-BC52-11A16C56BAA8}.Debug|Any CPU.ActiveCfg = Debug|Any CPU
		{A08ADE32-27E2-44F4-BC52-11A16C56BAA8}.Debug|Any CPU.Build.0 = Debug|Any CPU
		{A08ADE32-27E2-44F4-BC52-11A16C56BAA8}.Release|Any CPU.ActiveCfg = Release|Any CPU
		{A08ADE32-27E2-44F4-BC52-11A16C56BAA8}.Release|Any CPU.Build.0 = Release|Any CPU
		{A08ADE32-27E2-44F4-BC52-11A16C56BAA8}.ServerRelease|Any CPU.ActiveCfg = Release|Any CPU
		{A08ADE32-27E2-44F4-BC52-11A16C56BAA8}.ServerRelease|Any CPU.Build.0 = Release|Any CPU
		{A08ADE32-27E2-44F4-BC52-11A16C56BAA8}.Windows|Any CPU.ActiveCfg = Release|Any CPU
		{A08ADE32-27E2-44F4-BC52-11A16C56BAA8}.Windows|Any CPU.Build.0 = Release|Any CPU
		{430ACD60-E798-43F0-AD61-8B5A35DF6AB2}.Android|Any CPU.ActiveCfg = Release|Any CPU
		{430ACD60-E798-43F0-AD61-8B5A35DF6AB2}.Android|Any CPU.Build.0 = Release|Any CPU
		{430ACD60-E798-43F0-AD61-8B5A35DF6AB2}.Debug|Any CPU.ActiveCfg = Debug|Any CPU
		{430ACD60-E798-43F0-AD61-8B5A35DF6AB2}.Debug|Any CPU.Build.0 = Debug|Any CPU
		{430ACD60-E798-43F0-AD61-8B5A35DF6AB2}.Release|Any CPU.ActiveCfg = Release|Any CPU
		{430ACD60-E798-43F0-AD61-8B5A35DF6AB2}.Release|Any CPU.Build.0 = Release|Any CPU
		{430ACD60-E798-43F0-AD61-8B5A35DF6AB2}.ServerRelease|Any CPU.ActiveCfg = Release|Any CPU
		{430ACD60-E798-43F0-AD61-8B5A35DF6AB2}.ServerRelease|Any CPU.Build.0 = Release|Any CPU
		{430ACD60-E798-43F0-AD61-8B5A35DF6AB2}.Windows|Any CPU.ActiveCfg = Release|Any CPU
		{430ACD60-E798-43F0-AD61-8B5A35DF6AB2}.Windows|Any CPU.Build.0 = Release|Any CPU
		{39B61962-FE43-4B64-8E57-8F793737FFFE}.Android|Any CPU.ActiveCfg = Release|Any CPU
		{39B61962-FE43-4B64-8E57-8F793737FFFE}.Android|Any CPU.Build.0 = Release|Any CPU
		{39B61962-FE43-4B64-8E57-8F793737FFFE}.Debug|Any CPU.ActiveCfg = Debug|Any CPU
		{39B61962-FE43-4B64-8E57-8F793737FFFE}.Debug|Any CPU.Build.0 = Debug|Any CPU
		{39B61962-FE43-4B64-8E57-8F793737FFFE}.Release|Any CPU.ActiveCfg = Release|Any CPU
		{39B61962-FE43-4B64-8E57-8F793737FFFE}.Release|Any CPU.Build.0 = Release|Any CPU
		{39B61962-FE43-4B64-8E57-8F793737FFFE}.ServerRelease|Any CPU.ActiveCfg = Release|Any CPU
		{39B61962-FE43-4B64-8E57-8F793737FFFE}.ServerRelease|Any CPU.Build.0 = Release|Any CPU
		{39B61962-FE43-4B64-8E57-8F793737FFFE}.Windows|Any CPU.ActiveCfg = Release|Any CPU
		{39B61962-FE43-4B64-8E57-8F793737FFFE}.Windows|Any CPU.Build.0 = Release|Any CPU
		{7296CCEC-F459-4071-A9D2-9A07DCC29210}.Android|Any CPU.ActiveCfg = Release|Any CPU
		{7296CCEC-F459-4071-A9D2-9A07DCC29210}.Android|Any CPU.Build.0 = Release|Any CPU
		{7296CCEC-F459-4071-A9D2-9A07DCC29210}.Debug|Any CPU.ActiveCfg = Debug|Any CPU
		{7296CCEC-F459-4071-A9D2-9A07DCC29210}.Debug|Any CPU.Build.0 = Debug|Any CPU
		{7296CCEC-F459-4071-A9D2-9A07DCC29210}.Release|Any CPU.ActiveCfg = Release|Any CPU
		{7296CCEC-F459-4071-A9D2-9A07DCC29210}.Release|Any CPU.Build.0 = Release|Any CPU
		{7296CCEC-F459-4071-A9D2-9A07DCC29210}.ServerRelease|Any CPU.ActiveCfg = Release|Any CPU
		{7296CCEC-F459-4071-A9D2-9A07DCC29210}.ServerRelease|Any CPU.Build.0 = Release|Any CPU
		{7296CCEC-F459-4071-A9D2-9A07DCC29210}.Windows|Any CPU.ActiveCfg = Release|Any CPU
		{7296CCEC-F459-4071-A9D2-9A07DCC29210}.Windows|Any CPU.Build.0 = Release|Any CPU
		{329E0AEE-7871-40A7-B5AF-8C0D0086EF71}.Android|Any CPU.ActiveCfg = Release|Any CPU
		{329E0AEE-7871-40A7-B5AF-8C0D0086EF71}.Android|Any CPU.Build.0 = Release|Any CPU
		{329E0AEE-7871-40A7-B5AF-8C0D0086EF71}.Debug|Any CPU.ActiveCfg = Debug|Any CPU
		{329E0AEE-7871-40A7-B5AF-8C0D0086EF71}.Debug|Any CPU.Build.0 = Debug|Any CPU
		{329E0AEE-7871-40A7-B5AF-8C0D0086EF71}.Release|Any CPU.ActiveCfg = Release|Any CPU
		{329E0AEE-7871-40A7-B5AF-8C0D0086EF71}.Release|Any CPU.Build.0 = Release|Any CPU
		{329E0AEE-7871-40A7-B5AF-8C0D0086EF71}.ServerRelease|Any CPU.ActiveCfg = Release|Any CPU
		{329E0AEE-7871-40A7-B5AF-8C0D0086EF71}.ServerRelease|Any CPU.Build.0 = Release|Any CPU
		{329E0AEE-7871-40A7-B5AF-8C0D0086EF71}.Windows|Any CPU.ActiveCfg = Release|Any CPU
		{329E0AEE-7871-40A7-B5AF-8C0D0086EF71}.Windows|Any CPU.Build.0 = Release|Any CPU
		{C051793D-1A9C-4554-9BB8-BAFDC01A096A}.Android|Any CPU.ActiveCfg = Release|Any CPU
		{C051793D-1A9C-4554-9BB8-BAFDC01A096A}.Android|Any CPU.Build.0 = Release|Any CPU
		{C051793D-1A9C-4554-9BB8-BAFDC01A096A}.Debug|Any CPU.ActiveCfg = Debug|Any CPU
		{C051793D-1A9C-4554-9BB8-BAFDC01A096A}.Debug|Any CPU.Build.0 = Debug|Any CPU
		{C051793D-1A9C-4554-9BB8-BAFDC01A096A}.Release|Any CPU.ActiveCfg = Release|Any CPU
		{C051793D-1A9C-4554-9BB8-BAFDC01A096A}.Release|Any CPU.Build.0 = Release|Any CPU
		{C051793D-1A9C-4554-9BB8-BAFDC01A096A}.ServerRelease|Any CPU.ActiveCfg = Release|Any CPU
		{C051793D-1A9C-4554-9BB8-BAFDC01A096A}.ServerRelease|Any CPU.Build.0 = Release|Any CPU
		{C051793D-1A9C-4554-9BB8-BAFDC01A096A}.Windows|Any CPU.ActiveCfg = Release|Any CPU
		{C051793D-1A9C-4554-9BB8-BAFDC01A096A}.Windows|Any CPU.Build.0 = Release|Any CPU
		{88C69E02-78D4-4D71-9C26-43A9B118285A}.Android|Any CPU.ActiveCfg = Release|Any CPU
		{88C69E02-78D4-4D71-9C26-43A9B118285A}.Android|Any CPU.Build.0 = Release|Any CPU
		{88C69E02-78D4-4D71-9C26-43A9B118285A}.Debug|Any CPU.ActiveCfg = Debug|Any CPU
		{88C69E02-78D4-4D71-9C26-43A9B118285A}.Debug|Any CPU.Build.0 = Debug|Any CPU
		{88C69E02-78D4-4D71-9C26-43A9B118285A}.Release|Any CPU.ActiveCfg = Release|Any CPU
		{88C69E02-78D4-4D71-9C26-43A9B118285A}.Release|Any CPU.Build.0 = Release|Any CPU
		{88C69E02-78D4-4D71-9C26-43A9B118285A}.ServerRelease|Any CPU.ActiveCfg = Release|Any CPU
		{88C69E02-78D4-4D71-9C26-43A9B118285A}.ServerRelease|Any CPU.Build.0 = Release|Any CPU
		{88C69E02-78D4-4D71-9C26-43A9B118285A}.Windows|Any CPU.ActiveCfg = Release|Any CPU
		{88C69E02-78D4-4D71-9C26-43A9B118285A}.Windows|Any CPU.Build.0 = Release|Any CPU
		{9848FAF5-444A-48CC-A26A-8115D8C4FB52}.Android|Any CPU.ActiveCfg = Release|Any CPU
		{9848FAF5-444A-48CC-A26A-8115D8C4FB52}.Android|Any CPU.Build.0 = Release|Any CPU
		{9848FAF5-444A-48CC-A26A-8115D8C4FB52}.Debug|Any CPU.ActiveCfg = Debug|Any CPU
		{9848FAF5-444A-48CC-A26A-8115D8C4FB52}.Debug|Any CPU.Build.0 = Debug|Any CPU
		{9848FAF5-444A-48CC-A26A-8115D8C4FB52}.Release|Any CPU.ActiveCfg = Release|Any CPU
		{9848FAF5-444A-48CC-A26A-8115D8C4FB52}.Release|Any CPU.Build.0 = Release|Any CPU
		{9848FAF5-444A-48CC-A26A-8115D8C4FB52}.ServerRelease|Any CPU.ActiveCfg = Release|Any CPU
		{9848FAF5-444A-48CC-A26A-8115D8C4FB52}.ServerRelease|Any CPU.Build.0 = Release|Any CPU
		{9848FAF5-444A-48CC-A26A-8115D8C4FB52}.Windows|Any CPU.ActiveCfg = Release|Any CPU
		{9848FAF5-444A-48CC-A26A-8115D8C4FB52}.Windows|Any CPU.Build.0 = Release|Any CPU
		{5DEB20EB-1EB7-48F9-922C-463ABAE56E63}.Android|Any CPU.ActiveCfg = Release|Any CPU
		{5DEB20EB-1EB7-48F9-922C-463ABAE56E63}.Android|Any CPU.Build.0 = Release|Any CPU
		{5DEB20EB-1EB7-48F9-922C-463ABAE56E63}.Debug|Any CPU.ActiveCfg = Debug|Any CPU
		{5DEB20EB-1EB7-48F9-922C-463ABAE56E63}.Debug|Any CPU.Build.0 = Debug|Any CPU
		{5DEB20EB-1EB7-48F9-922C-463ABAE56E63}.Release|Any CPU.ActiveCfg = Release|Any CPU
		{5DEB20EB-1EB7-48F9-922C-463ABAE56E63}.Release|Any CPU.Build.0 = Release|Any CPU
		{5DEB20EB-1EB7-48F9-922C-463ABAE56E63}.ServerRelease|Any CPU.ActiveCfg = Release|Any CPU
		{5DEB20EB-1EB7-48F9-922C-463ABAE56E63}.ServerRelease|Any CPU.Build.0 = Release|Any CPU
		{5DEB20EB-1EB7-48F9-922C-463ABAE56E63}.Windows|Any CPU.ActiveCfg = Release|Any CPU
		{5DEB20EB-1EB7-48F9-922C-463ABAE56E63}.Windows|Any CPU.Build.0 = Release|Any CPU
		{37812A22-91F3-4220-891E-5C26DA64A975}.Android|Any CPU.ActiveCfg = Release|Any CPU
		{37812A22-91F3-4220-891E-5C26DA64A975}.Android|Any CPU.Build.0 = Release|Any CPU
		{37812A22-91F3-4220-891E-5C26DA64A975}.Debug|Any CPU.ActiveCfg = Debug|Any CPU
		{37812A22-91F3-4220-891E-5C26DA64A975}.Debug|Any CPU.Build.0 = Debug|Any CPU
		{37812A22-91F3-4220-891E-5C26DA64A975}.Release|Any CPU.ActiveCfg = Release|Any CPU
		{37812A22-91F3-4220-891E-5C26DA64A975}.Release|Any CPU.Build.0 = Release|Any CPU
		{37812A22-91F3-4220-891E-5C26DA64A975}.ServerRelease|Any CPU.ActiveCfg = Release|Any CPU
		{37812A22-91F3-4220-891E-5C26DA64A975}.ServerRelease|Any CPU.Build.0 = Release|Any CPU
		{37812A22-91F3-4220-891E-5C26DA64A975}.Windows|Any CPU.ActiveCfg = Release|Any CPU
		{37812A22-91F3-4220-891E-5C26DA64A975}.Windows|Any CPU.Build.0 = Release|Any CPU
		{834CAB58-648D-47CC-AC6F-D01C08C809A4}.Android|Any CPU.ActiveCfg = Release|Any CPU
		{834CAB58-648D-47CC-AC6F-D01C08C809A4}.Android|Any CPU.Build.0 = Release|Any CPU
		{834CAB58-648D-47CC-AC6F-D01C08C809A4}.Debug|Any CPU.ActiveCfg = Release|Any CPU
		{834CAB58-648D-47CC-AC6F-D01C08C809A4}.Debug|Any CPU.Build.0 = Release|Any CPU
		{834CAB58-648D-47CC-AC6F-D01C08C809A4}.Release|Any CPU.ActiveCfg = Release|Any CPU
		{834CAB58-648D-47CC-AC6F-D01C08C809A4}.Release|Any CPU.Build.0 = Release|Any CPU
		{834CAB58-648D-47CC-AC6F-D01C08C809A4}.ServerRelease|Any CPU.ActiveCfg = Release|Any CPU
		{834CAB58-648D-47CC-AC6F-D01C08C809A4}.ServerRelease|Any CPU.Build.0 = Release|Any CPU
		{834CAB58-648D-47CC-AC6F-D01C08C809A4}.Windows|Any CPU.ActiveCfg = Release|Any CPU
		{834CAB58-648D-47CC-AC6F-D01C08C809A4}.Windows|Any CPU.Build.0 = Release|Any CPU
		{D8232422-9D79-4200-A981-EB70ED82CCF3}.Android|Any CPU.ActiveCfg = Release|Any CPU
		{D8232422-9D79-4200-A981-EB70ED82CCF3}.Android|Any CPU.Build.0 = Release|Any CPU
		{D8232422-9D79-4200-A981-EB70ED82CCF3}.Debug|Any CPU.ActiveCfg = Debug|Any CPU
		{D8232422-9D79-4200-A981-EB70ED82CCF3}.Debug|Any CPU.Build.0 = Debug|Any CPU
		{D8232422-9D79-4200-A981-EB70ED82CCF3}.Release|Any CPU.ActiveCfg = Release|Any CPU
		{D8232422-9D79-4200-A981-EB70ED82CCF3}.Release|Any CPU.Build.0 = Release|Any CPU
		{D8232422-9D79-4200-A981-EB70ED82CCF3}.ServerRelease|Any CPU.ActiveCfg = Release|Any CPU
		{D8232422-9D79-4200-A981-EB70ED82CCF3}.ServerRelease|Any CPU.Build.0 = Release|Any CPU
		{D8232422-9D79-4200-A981-EB70ED82CCF3}.Windows|Any CPU.ActiveCfg = Release|Any CPU
		{D8232422-9D79-4200-A981-EB70ED82CCF3}.Windows|Any CPU.Build.0 = Release|Any CPU
		{BEDCDF02-3349-4E64-9BFD-38C499303822}.Android|Any CPU.ActiveCfg = Release|Any CPU
		{BEDCDF02-3349-4E64-9BFD-38C499303822}.Android|Any CPU.Build.0 = Release|Any CPU
		{BEDCDF02-3349-4E64-9BFD-38C499303822}.Debug|Any CPU.ActiveCfg = Debug|Any CPU
		{BEDCDF02-3349-4E64-9BFD-38C499303822}.Debug|Any CPU.Build.0 = Debug|Any CPU
		{BEDCDF02-3349-4E64-9BFD-38C499303822}.Release|Any CPU.ActiveCfg = Release|Any CPU
		{BEDCDF02-3349-4E64-9BFD-38C499303822}.Release|Any CPU.Build.0 = Release|Any CPU
		{BEDCDF02-3349-4E64-9BFD-38C499303822}.ServerRelease|Any CPU.ActiveCfg = Release|Any CPU
		{BEDCDF02-3349-4E64-9BFD-38C499303822}.ServerRelease|Any CPU.Build.0 = Release|Any CPU
		{BEDCDF02-3349-4E64-9BFD-38C499303822}.Windows|Any CPU.ActiveCfg = Release|Any CPU
		{BEDCDF02-3349-4E64-9BFD-38C499303822}.Windows|Any CPU.Build.0 = Release|Any CPU
		{4E43CE64-343F-4C53-A055-BBF0F4986A16}.Android|Any CPU.ActiveCfg = Release|Any CPU
		{4E43CE64-343F-4C53-A055-BBF0F4986A16}.Android|Any CPU.Build.0 = Release|Any CPU
		{4E43CE64-343F-4C53-A055-BBF0F4986A16}.Debug|Any CPU.ActiveCfg = Debug|Any CPU
		{4E43CE64-343F-4C53-A055-BBF0F4986A16}.Debug|Any CPU.Build.0 = Debug|Any CPU
		{4E43CE64-343F-4C53-A055-BBF0F4986A16}.Release|Any CPU.ActiveCfg = Release|Any CPU
		{4E43CE64-343F-4C53-A055-BBF0F4986A16}.Release|Any CPU.Build.0 = Release|Any CPU
		{4E43CE64-343F-4C53-A055-BBF0F4986A16}.ServerRelease|Any CPU.ActiveCfg = Release|Any CPU
		{4E43CE64-343F-4C53-A055-BBF0F4986A16}.ServerRelease|Any CPU.Build.0 = Release|Any CPU
		{4E43CE64-343F-4C53-A055-BBF0F4986A16}.Windows|Any CPU.ActiveCfg = Release|Any CPU
		{4E43CE64-343F-4C53-A055-BBF0F4986A16}.Windows|Any CPU.Build.0 = Release|Any CPU
		{19A2E153-246D-4D38-A28E-1E4D36D7E28F}.Android|Any CPU.ActiveCfg = Release|Any CPU
		{19A2E153-246D-4D38-A28E-1E4D36D7E28F}.Android|Any CPU.Build.0 = Release|Any CPU
		{19A2E153-246D-4D38-A28E-1E4D36D7E28F}.Debug|Any CPU.ActiveCfg = Debug|Any CPU
		{19A2E153-246D-4D38-A28E-1E4D36D7E28F}.Debug|Any CPU.Build.0 = Debug|Any CPU
		{19A2E153-246D-4D38-A28E-1E4D36D7E28F}.Release|Any CPU.ActiveCfg = Release|Any CPU
		{19A2E153-246D-4D38-A28E-1E4D36D7E28F}.Release|Any CPU.Build.0 = Release|Any CPU
		{19A2E153-246D-4D38-A28E-1E4D36D7E28F}.ServerRelease|Any CPU.ActiveCfg = Release|Any CPU
		{19A2E153-246D-4D38-A28E-1E4D36D7E28F}.ServerRelease|Any CPU.Build.0 = Release|Any CPU
		{19A2E153-246D-4D38-A28E-1E4D36D7E28F}.Windows|Any CPU.ActiveCfg = Release|Any CPU
		{19A2E153-246D-4D38-A28E-1E4D36D7E28F}.Windows|Any CPU.Build.0 = Release|Any CPU
		{A1D9ABA0-0105-436D-8F8C-2418DB768080}.Android|Any CPU.ActiveCfg = Release|Any CPU
		{A1D9ABA0-0105-436D-8F8C-2418DB768080}.Android|Any CPU.Build.0 = Release|Any CPU
		{A1D9ABA0-0105-436D-8F8C-2418DB768080}.Debug|Any CPU.ActiveCfg = Debug|Any CPU
		{A1D9ABA0-0105-436D-8F8C-2418DB768080}.Debug|Any CPU.Build.0 = Debug|Any CPU
		{A1D9ABA0-0105-436D-8F8C-2418DB768080}.Release|Any CPU.ActiveCfg = Release|Any CPU
		{A1D9ABA0-0105-436D-8F8C-2418DB768080}.Release|Any CPU.Build.0 = Release|Any CPU
		{A1D9ABA0-0105-436D-8F8C-2418DB768080}.ServerRelease|Any CPU.ActiveCfg = Release|Any CPU
		{A1D9ABA0-0105-436D-8F8C-2418DB768080}.ServerRelease|Any CPU.Build.0 = Release|Any CPU
		{A1D9ABA0-0105-436D-8F8C-2418DB768080}.Windows|Any CPU.ActiveCfg = Release|Any CPU
		{A1D9ABA0-0105-436D-8F8C-2418DB768080}.Windows|Any CPU.Build.0 = Release|Any CPU
		{73E2AD5B-720B-4EF3-9B7C-55931D0EC693}.Android|Any CPU.ActiveCfg = Release|Any CPU
		{73E2AD5B-720B-4EF3-9B7C-55931D0EC693}.Android|Any CPU.Build.0 = Release|Any CPU
		{73E2AD5B-720B-4EF3-9B7C-55931D0EC693}.Debug|Any CPU.ActiveCfg = Debug|Any CPU
		{73E2AD5B-720B-4EF3-9B7C-55931D0EC693}.Debug|Any CPU.Build.0 = Debug|Any CPU
		{73E2AD5B-720B-4EF3-9B7C-55931D0EC693}.Release|Any CPU.ActiveCfg = Release|Any CPU
		{73E2AD5B-720B-4EF3-9B7C-55931D0EC693}.Release|Any CPU.Build.0 = Release|Any CPU
		{73E2AD5B-720B-4EF3-9B7C-55931D0EC693}.ServerRelease|Any CPU.ActiveCfg = Release|Any CPU
		{73E2AD5B-720B-4EF3-9B7C-55931D0EC693}.ServerRelease|Any CPU.Build.0 = Release|Any CPU
		{73E2AD5B-720B-4EF3-9B7C-55931D0EC693}.Windows|Any CPU.ActiveCfg = Release|Any CPU
		{73E2AD5B-720B-4EF3-9B7C-55931D0EC693}.Windows|Any CPU.Build.0 = Release|Any CPU
		{28ABBF94-0584-4254-A8B4-4843E6F4E867}.Android|Any CPU.ActiveCfg = Release|Any CPU
		{28ABBF94-0584-4254-A8B4-4843E6F4E867}.Android|Any CPU.Build.0 = Release|Any CPU
		{28ABBF94-0584-4254-A8B4-4843E6F4E867}.Debug|Any CPU.ActiveCfg = Debug|Any CPU
		{28ABBF94-0584-4254-A8B4-4843E6F4E867}.Debug|Any CPU.Build.0 = Debug|Any CPU
		{28ABBF94-0584-4254-A8B4-4843E6F4E867}.Release|Any CPU.ActiveCfg = Release|Any CPU
		{28ABBF94-0584-4254-A8B4-4843E6F4E867}.Release|Any CPU.Build.0 = Release|Any CPU
		{28ABBF94-0584-4254-A8B4-4843E6F4E867}.ServerRelease|Any CPU.ActiveCfg = Release|Any CPU
		{28ABBF94-0584-4254-A8B4-4843E6F4E867}.ServerRelease|Any CPU.Build.0 = Release|Any CPU
		{28ABBF94-0584-4254-A8B4-4843E6F4E867}.Windows|Any CPU.ActiveCfg = Release|Any CPU
		{28ABBF94-0584-4254-A8B4-4843E6F4E867}.Windows|Any CPU.Build.0 = Release|Any CPU
		{5D6B850B-3084-4C45-A8D7-7CCF67260B21}.Android|Any CPU.ActiveCfg = Release|Any CPU
		{5D6B850B-3084-4C45-A8D7-7CCF67260B21}.Android|Any CPU.Build.0 = Release|Any CPU
		{5D6B850B-3084-4C45-A8D7-7CCF67260B21}.Debug|Any CPU.ActiveCfg = Debug|Any CPU
		{5D6B850B-3084-4C45-A8D7-7CCF67260B21}.Debug|Any CPU.Build.0 = Debug|Any CPU
		{5D6B850B-3084-4C45-A8D7-7CCF67260B21}.Release|Any CPU.ActiveCfg = Release|Any CPU
		{5D6B850B-3084-4C45-A8D7-7CCF67260B21}.Release|Any CPU.Build.0 = Release|Any CPU
		{5D6B850B-3084-4C45-A8D7-7CCF67260B21}.ServerRelease|Any CPU.ActiveCfg = Release|Any CPU
		{5D6B850B-3084-4C45-A8D7-7CCF67260B21}.ServerRelease|Any CPU.Build.0 = Release|Any CPU
		{5D6B850B-3084-4C45-A8D7-7CCF67260B21}.Windows|Any CPU.ActiveCfg = Release|Any CPU
		{5D6B850B-3084-4C45-A8D7-7CCF67260B21}.Windows|Any CPU.Build.0 = Release|Any CPU
		{0241317C-CC82-43D1-9ABF-40F3635DC41C}.Android|Any CPU.ActiveCfg = Release|Any CPU
		{0241317C-CC82-43D1-9ABF-40F3635DC41C}.Android|Any CPU.Build.0 = Release|Any CPU
		{0241317C-CC82-43D1-9ABF-40F3635DC41C}.Debug|Any CPU.ActiveCfg = Debug|Any CPU
		{0241317C-CC82-43D1-9ABF-40F3635DC41C}.Debug|Any CPU.Build.0 = Debug|Any CPU
		{0241317C-CC82-43D1-9ABF-40F3635DC41C}.Release|Any CPU.ActiveCfg = Release|Any CPU
		{0241317C-CC82-43D1-9ABF-40F3635DC41C}.Release|Any CPU.Build.0 = Release|Any CPU
		{0241317C-CC82-43D1-9ABF-40F3635DC41C}.ServerRelease|Any CPU.ActiveCfg = Release|Any CPU
		{0241317C-CC82-43D1-9ABF-40F3635DC41C}.ServerRelease|Any CPU.Build.0 = Release|Any CPU
		{0241317C-CC82-43D1-9ABF-40F3635DC41C}.Windows|Any CPU.ActiveCfg = Release|Any CPU
		{0241317C-CC82-43D1-9ABF-40F3635DC41C}.Windows|Any CPU.Build.0 = Release|Any CPU
		{39201960-F96F-4039-84B1-1331D5DDE3C2}.Android|Any CPU.ActiveCfg = Release|Any CPU
		{39201960-F96F-4039-84B1-1331D5DDE3C2}.Android|Any CPU.Build.0 = Release|Any CPU
		{39201960-F96F-4039-84B1-1331D5DDE3C2}.Debug|Any CPU.ActiveCfg = Debug|Any CPU
		{39201960-F96F-4039-84B1-1331D5DDE3C2}.Debug|Any CPU.Build.0 = Debug|Any CPU
		{39201960-F96F-4039-84B1-1331D5DDE3C2}.Release|Any CPU.ActiveCfg = Release|Any CPU
		{39201960-F96F-4039-84B1-1331D5DDE3C2}.Release|Any CPU.Build.0 = Release|Any CPU
		{39201960-F96F-4039-84B1-1331D5DDE3C2}.ServerRelease|Any CPU.ActiveCfg = Release|Any CPU
		{39201960-F96F-4039-84B1-1331D5DDE3C2}.ServerRelease|Any CPU.Build.0 = Release|Any CPU
		{39201960-F96F-4039-84B1-1331D5DDE3C2}.Windows|Any CPU.ActiveCfg = Release|Any CPU
		{39201960-F96F-4039-84B1-1331D5DDE3C2}.Windows|Any CPU.Build.0 = Release|Any CPU
		{EABEA510-3E53-4F19-9F0B-75C5CA9DFA3B}.Android|Any CPU.ActiveCfg = Release|Any CPU
		{EABEA510-3E53-4F19-9F0B-75C5CA9DFA3B}.Android|Any CPU.Build.0 = Release|Any CPU
		{EABEA510-3E53-4F19-9F0B-75C5CA9DFA3B}.Debug|Any CPU.ActiveCfg = Debug|Any CPU
		{EABEA510-3E53-4F19-9F0B-75C5CA9DFA3B}.Debug|Any CPU.Build.0 = Debug|Any CPU
		{EABEA510-3E53-4F19-9F0B-75C5CA9DFA3B}.Release|Any CPU.ActiveCfg = Release|Any CPU
		{EABEA510-3E53-4F19-9F0B-75C5CA9DFA3B}.Release|Any CPU.Build.0 = Release|Any CPU
		{EABEA510-3E53-4F19-9F0B-75C5CA9DFA3B}.ServerRelease|Any CPU.ActiveCfg = Release|Any CPU
		{EABEA510-3E53-4F19-9F0B-75C5CA9DFA3B}.ServerRelease|Any CPU.Build.0 = Release|Any CPU
		{EABEA510-3E53-4F19-9F0B-75C5CA9DFA3B}.Windows|Any CPU.ActiveCfg = Release|Any CPU
		{EABEA510-3E53-4F19-9F0B-75C5CA9DFA3B}.Windows|Any CPU.Build.0 = Release|Any CPU
		{EBF08DC7-916D-4133-BADE-38C31E29F18A}.Android|Any CPU.ActiveCfg = Release|Any CPU
		{EBF08DC7-916D-4133-BADE-38C31E29F18A}.Android|Any CPU.Build.0 = Release|Any CPU
		{EBF08DC7-916D-4133-BADE-38C31E29F18A}.Debug|Any CPU.ActiveCfg = Debug|Any CPU
		{EBF08DC7-916D-4133-BADE-38C31E29F18A}.Debug|Any CPU.Build.0 = Debug|Any CPU
		{EBF08DC7-916D-4133-BADE-38C31E29F18A}.Release|Any CPU.ActiveCfg = Debug|Any CPU
		{EBF08DC7-916D-4133-BADE-38C31E29F18A}.Release|Any CPU.Build.0 = Debug|Any CPU
		{EBF08DC7-916D-4133-BADE-38C31E29F18A}.ServerRelease|Any CPU.ActiveCfg = Release|Any CPU
		{EBF08DC7-916D-4133-BADE-38C31E29F18A}.ServerRelease|Any CPU.Build.0 = Release|Any CPU
		{EBF08DC7-916D-4133-BADE-38C31E29F18A}.Windows|Any CPU.ActiveCfg = Release|Any CPU
		{EBF08DC7-916D-4133-BADE-38C31E29F18A}.Windows|Any CPU.Build.0 = Release|Any CPU
		{B8AB3711-7B4F-4126-9BF3-4DDDE9475B74}.Android|Any CPU.ActiveCfg = Release|Any CPU
		{B8AB3711-7B4F-4126-9BF3-4DDDE9475B74}.Android|Any CPU.Build.0 = Release|Any CPU
		{B8AB3711-7B4F-4126-9BF3-4DDDE9475B74}.Debug|Any CPU.ActiveCfg = Debug|Any CPU
		{B8AB3711-7B4F-4126-9BF3-4DDDE9475B74}.Debug|Any CPU.Build.0 = Debug|Any CPU
		{B8AB3711-7B4F-4126-9BF3-4DDDE9475B74}.Release|Any CPU.ActiveCfg = Release|Any CPU
		{B8AB3711-7B4F-4126-9BF3-4DDDE9475B74}.Release|Any CPU.Build.0 = Release|Any CPU
		{B8AB3711-7B4F-4126-9BF3-4DDDE9475B74}.ServerRelease|Any CPU.ActiveCfg = Release|Any CPU
		{B8AB3711-7B4F-4126-9BF3-4DDDE9475B74}.ServerRelease|Any CPU.Build.0 = Release|Any CPU
		{B8AB3711-7B4F-4126-9BF3-4DDDE9475B74}.Windows|Any CPU.ActiveCfg = Release|Any CPU
		{B8AB3711-7B4F-4126-9BF3-4DDDE9475B74}.Windows|Any CPU.Build.0 = Release|Any CPU
		{B3DE74C1-B7A1-4773-BD36-993988B23527}.Android|Any CPU.ActiveCfg = Debug|Any CPU
		{B3DE74C1-B7A1-4773-BD36-993988B23527}.Android|Any CPU.Build.0 = Debug|Any CPU
		{B3DE74C1-B7A1-4773-BD36-993988B23527}.Debug|Any CPU.ActiveCfg = Debug|Any CPU
		{B3DE74C1-B7A1-4773-BD36-993988B23527}.Debug|Any CPU.Build.0 = Debug|Any CPU
		{B3DE74C1-B7A1-4773-BD36-993988B23527}.Release|Any CPU.ActiveCfg = Release|Any CPU
		{B3DE74C1-B7A1-4773-BD36-993988B23527}.Release|Any CPU.Build.0 = Release|Any CPU
		{B3DE74C1-B7A1-4773-BD36-993988B23527}.ServerRelease|Any CPU.ActiveCfg = Release|Any CPU
		{B3DE74C1-B7A1-4773-BD36-993988B23527}.ServerRelease|Any CPU.Build.0 = Release|Any CPU
		{B3DE74C1-B7A1-4773-BD36-993988B23527}.Windows|Any CPU.ActiveCfg = Debug|Any CPU
		{B3DE74C1-B7A1-4773-BD36-993988B23527}.Windows|Any CPU.Build.0 = Debug|Any CPU
		{A1068F63-DFE6-49B7-965E-7A6FE5B7FB0C}.Android|Any CPU.ActiveCfg = Debug|Any CPU
		{A1068F63-DFE6-49B7-965E-7A6FE5B7FB0C}.Android|Any CPU.Build.0 = Debug|Any CPU
		{A1068F63-DFE6-49B7-965E-7A6FE5B7FB0C}.Debug|Any CPU.ActiveCfg = Debug|Any CPU
		{A1068F63-DFE6-49B7-965E-7A6FE5B7FB0C}.Debug|Any CPU.Build.0 = Debug|Any CPU
		{A1068F63-DFE6-49B7-965E-7A6FE5B7FB0C}.Release|Any CPU.ActiveCfg = Release|Any CPU
		{A1068F63-DFE6-49B7-965E-7A6FE5B7FB0C}.Release|Any CPU.Build.0 = Release|Any CPU
		{A1068F63-DFE6-49B7-965E-7A6FE5B7FB0C}.ServerRelease|Any CPU.ActiveCfg = Release|Any CPU
		{A1068F63-DFE6-49B7-965E-7A6FE5B7FB0C}.ServerRelease|Any CPU.Build.0 = Release|Any CPU
		{A1068F63-DFE6-49B7-965E-7A6FE5B7FB0C}.Windows|Any CPU.ActiveCfg = Debug|Any CPU
		{A1068F63-DFE6-49B7-965E-7A6FE5B7FB0C}.Windows|Any CPU.Build.0 = Debug|Any CPU
	EndGlobalSection
	GlobalSection(SolutionProperties) = preSolution
		HideSolutionNode = FALSE
	EndGlobalSection
	GlobalSection(ExtensibilityGlobals) = postSolution
		SolutionGuid = {C32AACED-D29E-4A12-B18D-967BA0DD20A5}
	EndGlobalSection
EndGlobal
